{
    "name": "the-innovators-introduction",
    "version": "1.0.0",
    "lockfileVersion": 3,
    "requires": true,
    "packages": {
        "": {
            "name": "the-innovators-introduction",
            "version": "1.0.0",
<<<<<<< HEAD
            "dependencies": {
                "express": "^4.21.2"
            },
=======
            "license": "ISC",
            "devDependencies": {},
>>>>>>> a03c896f2bafb887e4237c513510be7ac53c2ee4
            "engines": {
                "node": "18.x"
            }
        }
    }
}
